
Microsoft Visual Studio Solution File, Format Version 12.00
Project("{FAE04EC0-301F-11D3-BF4B-00C04F79EFBC}") = "Raven", "Raven\Raven.csproj", "{41E3A18C-B0B2-459D-BD1C-CB04B3510813}"
EndProject
Project("{FAE04EC0-301F-11D3-BF4B-00C04F79EFBC}") = "Raven.CodeGenerators", "Raven.CodeGenerators\Raven.CodeGenerators.csproj", "{D130670C-0805-4155-9F13-C605D47A7931}"
EndProject
Project("{FAE04EC0-301F-11D3-BF4B-00C04F79EFBC}") = "Cassowary", "Cassowary\Cassowary.csproj", "{563E5F1E-2998-471C-BAF2-2A82DEC75B87}"
EndProject
Global
	GlobalSection(SolutionConfigurationPlatforms) = preSolution
		Debug|Any CPU = Debug|Any CPU
		Release|Any CPU = Release|Any CPU
	EndGlobalSection
	GlobalSection(ProjectConfigurationPlatforms) = postSolution
		{41E3A18C-B0B2-459D-BD1C-CB04B3510813}.Debug|Any CPU.ActiveCfg = Debug|Any CPU
		{41E3A18C-B0B2-459D-BD1C-CB04B3510813}.Debug|Any CPU.Build.0 = Debug|Any CPU
		{41E3A18C-B0B2-459D-BD1C-CB04B3510813}.Release|Any CPU.ActiveCfg = Release|Any CPU
		{41E3A18C-B0B2-459D-BD1C-CB04B3510813}.Release|Any CPU.Build.0 = Release|Any CPU
		{D130670C-0805-4155-9F13-C605D47A7931}.Debug|Any CPU.ActiveCfg = Debug|Any CPU
		{D130670C-0805-4155-9F13-C605D47A7931}.Debug|Any CPU.Build.0 = Debug|Any CPU
		{D130670C-0805-4155-9F13-C605D47A7931}.Release|Any CPU.ActiveCfg = Release|Any CPU
		{D130670C-0805-4155-9F13-C605D47A7931}.Release|Any CPU.Build.0 = Release|Any CPU
		{563E5F1E-2998-471C-BAF2-2A82DEC75B87}.Debug|Any CPU.ActiveCfg = Debug|Any CPU
		{563E5F1E-2998-471C-BAF2-2A82DEC75B87}.Debug|Any CPU.Build.0 = Debug|Any CPU
		{563E5F1E-2998-471C-BAF2-2A82DEC75B87}.Release|Any CPU.ActiveCfg = Release|Any CPU
		{563E5F1E-2998-471C-BAF2-2A82DEC75B87}.Release|Any CPU.Build.0 = Release|Any CPU
	EndGlobalSection
EndGlobal
